
Microsoft Visual Studio Solution File, Format Version 10.00
# Visual Studio 2008
Project("{F184B08F-C81C-45F6-A57F-5ABD9991F28F}") = "InterfaceVB", "InterfaceVB\InterfaceVB.vbproj", "{809371EC-1221-4F28-862D-082A57DD22DB}"
EndProject
Project("{F184B08F-C81C-45F6-A57F-5ABD9991F28F}") = "CallInterfaceVB", "CallInterfaceVB\CallInterfaceVB.vbproj", "{04883E0A-802B-4479-9E9D-500F57FA9D89}"
	ProjectSection(ProjectDependencies) = postProject
		{41D48912-040B-4851-8842-55CCAB15E800} = {41D48912-040B-4851-8842-55CCAB15E800}
		{289322B1-AAA7-41A8-A0A0-761109E4473A} = {289322B1-AAA7-41A8-A0A0-761109E4473A}
	EndProjectSection
EndProject
Project("{FAE04EC0-301F-11D3-BF4B-00C04F79EFBC}") = "CallInterfaceCS", "CallInterfaceCS\CallInterfaceCS.csproj", "{7DB471F4-8E44-4411-9C32-248A281C56BE}"
	ProjectSection(ProjectDependencies) = postProject
		{289322B1-AAA7-41A8-A0A0-761109E4473A} = {289322B1-AAA7-41A8-A0A0-761109E4473A}
	EndProjectSection
EndProject
Project("{8BC9CEB8-8B4A-11D0-8D11-00A0C91BC942}") = "CallInterfaceCpp", "CallInterfaceCpp\CallInterfaceCpp.vcproj", "{F245CD93-58EC-42B1-9966-EE5BCDBB485B}"
EndProject
Project("{FAE04EC0-301F-11D3-BF4B-00C04F79EFBC}") = "InterfaceCS", "InterfaceCS\InterfaceCS.csproj", "{0EBACBB3-BF10-4937-A76E-851A0A7107E7}"
EndProject
Project("{8BC9CEB8-8B4A-11D0-8D11-00A0C91BC942}") = "InterfaceCpp", "InterfaceCpp\InterfaceCpp.vcproj", "{382CA68C-2220-47DA-83EA-86D10FC098D4}"
EndProject
Project("{8BC9CEB8-8B4A-11D0-8D11-00A0C91BC942}") = "InterfaceNativeCpp", "InterfaceNativeCpp\InterfaceNativeCpp.vcproj", "{AE69A6EB-7094-488A-9092-A05683969CB9}"
EndProject
Project("{8BC9CEB8-8B4A-11D0-8D11-00A0C91BC942}") = "CallInterfaceNativeCpp", "CallInterfaceNativeCpp\CallInterfaceNativeCpp.vcproj", "{3D84D37E-7A79-468F-8232-883F8EEFFBF4}"
	ProjectSection(ProjectDependencies) = postProject
		{AE69A6EB-7094-488A-9092-A05683969CB9} = {AE69A6EB-7094-488A-9092-A05683969CB9}
		{5AD408FE-8DA3-438E-B228-E5C3DE1C0EC5} = {5AD408FE-8DA3-438E-B228-E5C3DE1C0EC5}
	EndProjectSection
EndProject
Project("{8BC9CEB8-8B4A-11D0-8D11-00A0C91BC942}") = "InterfaceNativeC", "InterfaceNativeC\InterfaceNativeC.vcproj", "{5AD408FE-8DA3-438E-B228-E5C3DE1C0EC5}"
EndProject
Project("{2150E333-8FDC-42A3-9474-1A3956D46DE8}") = "ClassLibrary", "ClassLibrary", "{91623FEB-F663-4CCA-B32F-8E4A07F728CF}"
EndProject
Project("{8BC9CEB8-8B4A-11D0-8D11-00A0C91BC942}") = "MixedBridge", "MixedBridge\MixedBridge.vcproj", "{41D48912-040B-4851-8842-55CCAB15E800}"
	ProjectSection(ProjectDependencies) = postProject
		{289322B1-AAA7-41A8-A0A0-761109E4473A} = {289322B1-AAA7-41A8-A0A0-761109E4473A}
		{AE69A6EB-7094-488A-9092-A05683969CB9} = {AE69A6EB-7094-488A-9092-A05683969CB9}
		{5AD408FE-8DA3-438E-B228-E5C3DE1C0EC5} = {5AD408FE-8DA3-438E-B228-E5C3DE1C0EC5}
	EndProjectSection
EndProject
Project("{8BC9CEB8-8B4A-11D0-8D11-00A0C91BC942}") = "Unmanaged", "Unmanaged\Unmanaged.vcproj", "{289322B1-AAA7-41A8-A0A0-761109E4473A}"
EndProject
Global
	GlobalSection(SolutionConfigurationPlatforms) = preSolution
		Debug|x64 = Debug|x64
		Debug|x86 = Debug|x86
		Release|x64 = Release|x64
		Release|x86 = Release|x86
	EndGlobalSection
	GlobalSection(ProjectConfigurationPlatforms) = postSolution
		{809371EC-1221-4F28-862D-082A57DD22DB}.Debug|x64.ActiveCfg = Debug|x64
		{809371EC-1221-4F28-862D-082A57DD22DB}.Debug|x64.Build.0 = Debug|x64
		{809371EC-1221-4F28-862D-082A57DD22DB}.Debug|x86.ActiveCfg = Debug|x86
		{809371EC-1221-4F28-862D-082A57DD22DB}.Debug|x86.Build.0 = Debug|x86
		{809371EC-1221-4F28-862D-082A57DD22DB}.Release|x64.ActiveCfg = Release|x64
		{809371EC-1221-4F28-862D-082A57DD22DB}.Release|x86.ActiveCfg = Release|x86
		{809371EC-1221-4F28-862D-082A57DD22DB}.Release|x86.Build.0 = Release|x86
		{04883E0A-802B-4479-9E9D-500F57FA9D89}.Debug|x64.ActiveCfg = Debug|x64
		{04883E0A-802B-4479-9E9D-500F57FA9D89}.Debug|x64.Build.0 = Debug|x64
		{04883E0A-802B-4479-9E9D-500F57FA9D89}.Debug|x86.ActiveCfg = Debug|x86
		{04883E0A-802B-4479-9E9D-500F57FA9D89}.Debug|x86.Build.0 = Debug|x86
		{04883E0A-802B-4479-9E9D-500F57FA9D89}.Release|x64.ActiveCfg = Release|x64
		{04883E0A-802B-4479-9E9D-500F57FA9D89}.Release|x86.ActiveCfg = Release|x86
		{04883E0A-802B-4479-9E9D-500F57FA9D89}.Release|x86.Build.0 = Release|x86
		{7DB471F4-8E44-4411-9C32-248A281C56BE}.Debug|x64.ActiveCfg = Debug|x64
		{7DB471F4-8E44-4411-9C32-248A281C56BE}.Debug|x64.Build.0 = Debug|x64
		{7DB471F4-8E44-4411-9C32-248A281C56BE}.Debug|x86.ActiveCfg = Debug|x86
		{7DB471F4-8E44-4411-9C32-248A281C56BE}.Debug|x86.Build.0 = Debug|x86
		{7DB471F4-8E44-4411-9C32-248A281C56BE}.Release|x64.ActiveCfg = Release|x64
		{7DB471F4-8E44-4411-9C32-248A281C56BE}.Release|x86.ActiveCfg = Release|x86
		{7DB471F4-8E44-4411-9C32-248A281C56BE}.Release|x86.Build.0 = Release|x86
		{F245CD93-58EC-42B1-9966-EE5BCDBB485B}.Debug|x64.ActiveCfg = Debug|x64
		{F245CD93-58EC-42B1-9966-EE5BCDBB485B}.Debug|x64.Build.0 = Debug|x64
		{F245CD93-58EC-42B1-9966-EE5BCDBB485B}.Debug|x86.ActiveCfg = Debug|Win32
		{F245CD93-58EC-42B1-9966-EE5BCDBB485B}.Debug|x86.Build.0 = Debug|Win32
		{F245CD93-58EC-42B1-9966-EE5BCDBB485B}.Release|x64.ActiveCfg = Release|x64
		{F245CD93-58EC-42B1-9966-EE5BCDBB485B}.Release|x64.Build.0 = Release|x64
		{F245CD93-58EC-42B1-9966-EE5BCDBB485B}.Release|x86.ActiveCfg = Release|Win32
		{F245CD93-58EC-42B1-9966-EE5BCDBB485B}.Release|x86.Build.0 = Release|Win32
		{0EBACBB3-BF10-4937-A76E-851A0A7107E7}.Debug|x64.ActiveCfg = Debug|x64
		{0EBACBB3-BF10-4937-A76E-851A0A7107E7}.Debug|x64.Build.0 = Debug|x64
		{0EBACBB3-BF10-4937-A76E-851A0A7107E7}.Debug|x86.ActiveCfg = Debug|x86
		{0EBACBB3-BF10-4937-A76E-851A0A7107E7}.Debug|x86.Build.0 = Debug|x86
		{0EBACBB3-BF10-4937-A76E-851A0A7107E7}.Release|x64.ActiveCfg = Release|x64
		{0EBACBB3-BF10-4937-A76E-851A0A7107E7}.Release|x64.Build.0 = Release|x64
		{0EBACBB3-BF10-4937-A76E-851A0A7107E7}.Release|x86.ActiveCfg = Release|x86
		{0EBACBB3-BF10-4937-A76E-851A0A7107E7}.Release|x86.Build.0 = Release|x86
		{382CA68C-2220-47DA-83EA-86D10FC098D4}.Debug|x64.ActiveCfg = Debug|x64
		{382CA68C-2220-47DA-83EA-86D10FC098D4}.Debug|x64.Build.0 = Debug|x64
		{382CA68C-2220-47DA-83EA-86D10FC098D4}.Debug|x86.ActiveCfg = Debug|Win32
		{382CA68C-2220-47DA-83EA-86D10FC098D4}.Debug|x86.Build.0 = Debug|Win32
		{382CA68C-2220-47DA-83EA-86D10FC098D4}.Release|x64.ActiveCfg = Release|Win32
		{382CA68C-2220-47DA-83EA-86D10FC098D4}.Release|x86.ActiveCfg = Release|Win32
		{AE69A6EB-7094-488A-9092-A05683969CB9}.Debug|x64.ActiveCfg = Debug|x64
		{AE69A6EB-7094-488A-9092-A05683969CB9}.Debug|x64.Build.0 = Debug|x64
		{AE69A6EB-7094-488A-9092-A05683969CB9}.Debug|x86.ActiveCfg = Debug|Win32
		{AE69A6EB-7094-488A-9092-A05683969CB9}.Debug|x86.Build.0 = Debug|Win32
		{AE69A6EB-7094-488A-9092-A05683969CB9}.Release|x64.ActiveCfg = Release|Win32
		{AE69A6EB-7094-488A-9092-A05683969CB9}.Release|x86.ActiveCfg = Release|Win32
		{3D84D37E-7A79-468F-8232-883F8EEFFBF4}.Debug|x64.ActiveCfg = Debug|x64
		{3D84D37E-7A79-468F-8232-883F8EEFFBF4}.Debug|x64.Build.0 = Debug|x64
		{3D84D37E-7A79-468F-8232-883F8EEFFBF4}.Debug|x86.ActiveCfg = Debug|Win32
		{3D84D37E-7A79-468F-8232-883F8EEFFBF4}.Debug|x86.Build.0 = Debug|Win32
		{3D84D37E-7A79-468F-8232-883F8EEFFBF4}.Release|x64.ActiveCfg = Release|Win32
		{3D84D37E-7A79-468F-8232-883F8EEFFBF4}.Release|x86.ActiveCfg = Release|Win32
		{5AD408FE-8DA3-438E-B228-E5C3DE1C0EC5}.Debug|x64.ActiveCfg = Debug|x64
		{5AD408FE-8DA3-438E-B228-E5C3DE1C0EC5}.Debug|x64.Build.0 = Debug|x64
		{5AD408FE-8DA3-438E-B228-E5C3DE1C0EC5}.Debug|x86.ActiveCfg = Debug|Win32
		{5AD408FE-8DA3-438E-B228-E5C3DE1C0EC5}.Debug|x86.Build.0 = Debug|Win32
		{5AD408FE-8DA3-438E-B228-E5C3DE1C0EC5}.Release|x64.ActiveCfg = Release|Win32
		{5AD408FE-8DA3-438E-B228-E5C3DE1C0EC5}.Release|x86.ActiveCfg = Release|Win32
		{41D48912-040B-4851-8842-55CCAB15E800}.Debug|x64.ActiveCfg = Debug|x64
		{41D48912-040B-4851-8842-55CCAB15E800}.Debug|x64.Build.0 = Debug|x64
		{41D48912-040B-4851-8842-55CCAB15E800}.Debug|x86.ActiveCfg = Debug|Win32
		{41D48912-040B-4851-8842-55CCAB15E800}.Debug|x86.Build.0 = Debug|Win32
		{41D48912-040B-4851-8842-55CCAB15E800}.Release|x64.ActiveCfg = Release|Win32
		{41D48912-040B-4851-8842-55CCAB15E800}.Release|x86.ActiveCfg = Release|Win32
		{289322B1-AAA7-41A8-A0A0-761109E4473A}.Debug|x64.ActiveCfg = Debug|x64
		{289322B1-AAA7-41A8-A0A0-761109E4473A}.Debug|x64.Build.0 = Debug|x64
		{289322B1-AAA7-41A8-A0A0-761109E4473A}.Debug|x86.ActiveCfg = Debug|Win32
		{289322B1-AAA7-41A8-A0A0-761109E4473A}.Debug|x86.Build.0 = Debug|Win32
		{289322B1-AAA7-41A8-A0A0-761109E4473A}.Release|x64.ActiveCfg = Release|Win32
		{289322B1-AAA7-41A8-A0A0-761109E4473A}.Release|x86.ActiveCfg = Release|Win32
	EndGlobalSection
	GlobalSection(SolutionProperties) = preSolution
		HideSolutionNode = FALSE
	EndGlobalSection
	GlobalSection(NestedProjects) = preSolution
		{0EBACBB3-BF10-4937-A76E-851A0A7107E7} = {91623FEB-F663-4CCA-B32F-8E4A07F728CF}
		{382CA68C-2220-47DA-83EA-86D10FC098D4} = {91623FEB-F663-4CCA-B32F-8E4A07F728CF}
		{AE69A6EB-7094-488A-9092-A05683969CB9} = {91623FEB-F663-4CCA-B32F-8E4A07F728CF}
		{5AD408FE-8DA3-438E-B228-E5C3DE1C0EC5} = {91623FEB-F663-4CCA-B32F-8E4A07F728CF}
		{809371EC-1221-4F28-862D-082A57DD22DB} = {91623FEB-F663-4CCA-B32F-8E4A07F728CF}
		{41D48912-040B-4851-8842-55CCAB15E800} = {91623FEB-F663-4CCA-B32F-8E4A07F728CF}
		{289322B1-AAA7-41A8-A0A0-761109E4473A} = {91623FEB-F663-4CCA-B32F-8E4A07F728CF}
	EndGlobalSection
EndGlobal
